
Microsoft Visual Studio Solution File, Format Version 12.00
# Visual Studio Version 17
VisualStudioVersion = 17.2.32516.85
MinimumVisualStudioVersion = 10.0.40219.1
Project("{8BC9CEB8-8B4A-11D0-8D11-00A0C91BC942}") = "Direct3D Hook", "Direct3D Hook\Direct3D Hook.vcxproj", "{743CA599-B1A8-4CFD-B522-6C9566B248EE}"
EndProject
Global
	GlobalSection(SolutionConfigurationPlatforms) = preSolution
		Debug|x64 = Debug|x64
		Debug|x86 = Debug|x86
		Release|x64 = Release|x64
		Release|x86 = Release|x86
	EndGlobalSection
	GlobalSection(ProjectConfigurationPlatforms) = postSolution
		{743CA599-B1A8-4CFD-B522-6C9566B248EE}.Debug|x64.ActiveCfg = Debug|x64
		{743CA599-B1A8-4CFD-B522-6C9566B248EE}.Debug|x64.Build.0 = Debug|x64
		{743CA599-B1A8-4CFD-B522-6C9566B248EE}.Debug|x86.ActiveCfg = Debug|Win32
		{743CA599-B1A8-4CFD-B522-6C9566B248EE}.Debug|x86.Build.0 = Debug|Win32
		{743CA599-B1A8-4CFD-B522-6C9566B248EE}.Release|x64.ActiveCfg = Release|x64
		{743CA599-B1A8-4CFD-B522-6C9566B248EE}.Release|x64.Build.0 = Release|x64
		{743CA599-B1A8-4CFD-B522-6C9566B248EE}.Release|x86.ActiveCfg = Release|Win32
		{743CA599-B1A8-4CFD-B522-6C9566B248EE}.Release|x86.Build.0 = Release|Win32
	EndGlobalSection
	GlobalSection(SolutionProperties) = preSolution
		HideSolutionNode = FALSE
	EndGlobalSection
	GlobalSection(ExtensibilityGlobals) = postSolution
		SolutionGuid = {C418B09C-BB37-4FB4-8D3E-67100A89DE02}
	EndGlobalSection
EndGlobal
